// !$*UTF8*$!
{
	archiveVersion = 1;
	classes = {
	};
	objectVersion = 56;
	objects = {

/* Begin PBXBuildFile section */
		932AA2F229EAD91F00C34F67 /* OrderView.swift in Sources */ = {isa = PBXBuildFile; fileRef = 932AA2F129EAD91F00C34F67 /* OrderView.swift */; };
		932AA2F429EAD96D00C34F67 /* MenuView.swift in Sources */ = {isa = PBXBuildFile; fileRef = 932AA2F329EAD96D00C34F67 /* MenuView.swift */; };
		932AA2F629EAD98500C34F67 /* MenuItemView.swift in Sources */ = {isa = PBXBuildFile; fileRef = 932AA2F529EAD98500C34F67 /* MenuItemView.swift */; };
		932AA2F829EAD98F00C34F67 /* MenuRowView.swift in Sources */ = {isa = PBXBuildFile; fileRef = 932AA2F729EAD98F00C34F67 /* MenuRowView.swift */; };
		932AA2FA29EAD99900C34F67 /* OrderRowView.swift in Sources */ = {isa = PBXBuildFile; fileRef = 932AA2F929EAD99900C34F67 /* OrderRowView.swift */; };
		932AA2FC29EAD9A000C34F67 /* HeaderView.swift in Sources */ = {isa = PBXBuildFile; fileRef = 932AA2FB29EAD9A000C34F67 /* HeaderView.swift */; };
		932AA2FE29EADD9700C34F67 /* RatingView.swift in Sources */ = {isa = PBXBuildFile; fileRef = 932AA2FD29EADD9700C34F67 /* RatingView.swift */; };
		9330A6F429E3CC7100366B2F /* PizzaPlazaApp.swift in Sources */ = {isa = PBXBuildFile; fileRef = 9330A6F329E3CC7100366B2F /* PizzaPlazaApp.swift */; };
		9330A6F629E3CC7100366B2F /* ContentView.swift in Sources */ = {isa = PBXBuildFile; fileRef = 9330A6F529E3CC7100366B2F /* ContentView.swift */; };
		9330A6F829E3CC7200366B2F /* Assets.xcassets in Resources */ = {isa = PBXBuildFile; fileRef = 9330A6F729E3CC7200366B2F /* Assets.xcassets */; };
		9330A6FB29E3CC7200366B2F /* Preview Assets.xcassets in Resources */ = {isa = PBXBuildFile; fileRef = 9330A6FA29E3CC7200366B2F /* Preview Assets.xcassets */; };
		937C083029ECF89100E02622 /* StatusBarView.swift in Sources */ = {isa = PBXBuildFile; fileRef = 937C082F29ECF89100E02622 /* StatusBarView.swift */; };
		93D6E17D29FE98840030C48B /* FavoriteTileView.swift in Sources */ = {isa = PBXBuildFile; fileRef = 93D6E17C29FE98840030C48B /* FavoriteTileView.swift */; };
		93D6E17F29FE98B10030C48B /* MenuGridView.swift in Sources */ = {isa = PBXBuildFile; fileRef = 93D6E17E29FE98B10030C48B /* MenuGridView.swift */; };
		93D6E18129FE98D50030C48B /* MenuItemTileView.swift in Sources */ = {isa = PBXBuildFile; fileRef = 93D6E18029FE98D50030C48B /* MenuItemTileView.swift */; };
		93F6649C29EBD1D500FA6BE5 /* OrderModel.swift in Sources */ = {isa = PBXBuildFile; fileRef = 93F6649829EBD1D500FA6BE5 /* OrderModel.swift */; };
		93F6649D29EBD1D500FA6BE5 /* MenuItem.swift in Sources */ = {isa = PBXBuildFile; fileRef = 93F6649929EBD1D500FA6BE5 /* MenuItem.swift */; };
		93F6649E29EBD1D500FA6BE5 /* OrderItem.swift in Sources */ = {isa = PBXBuildFile; fileRef = 93F6649A29EBD1D500FA6BE5 /* OrderItem.swift */; };
		93F6649F29EBD1D500FA6BE5 /* MenuModel.swift in Sources */ = {isa = PBXBuildFile; fileRef = 93F6649B29EBD1D500FA6BE5 /* MenuModel.swift */; };
		93F664A129EBE9C400FA6BE5 /* Data.json in Resources */ = {isa = PBXBuildFile; fileRef = 93F664A029EBE9C400FA6BE5 /* Data.json */; };
/* End PBXBuildFile section */

/* Begin PBXFileReference section */
		932AA2F129EAD91F00C34F67 /* OrderView.swift */ = {isa = PBXFileReference; lastKnownFileType = sourcecode.swift; path = OrderView.swift; sourceTree = "<group>"; };
		932AA2F329EAD96D00C34F67 /* MenuView.swift */ = {isa = PBXFileReference; lastKnownFileType = sourcecode.swift; path = MenuView.swift; sourceTree = "<group>"; };
		932AA2F529EAD98500C34F67 /* MenuItemView.swift */ = {isa = PBXFileReference; lastKnownFileType = sourcecode.swift; path = MenuItemView.swift; sourceTree = "<group>"; };
		932AA2F729EAD98F00C34F67 /* MenuRowView.swift */ = {isa = PBXFileReference; lastKnownFileType = sourcecode.swift; path = MenuRowView.swift; sourceTree = "<group>"; };
		932AA2F929EAD99900C34F67 /* OrderRowView.swift */ = {isa = PBXFileReference; lastKnownFileType = sourcecode.swift; path = OrderRowView.swift; sourceTree = "<group>"; };
		932AA2FB29EAD9A000C34F67 /* HeaderView.swift */ = {isa = PBXFileReference; lastKnownFileType = sourcecode.swift; path = HeaderView.swift; sourceTree = "<group>"; };
		932AA2FD29EADD9700C34F67 /* RatingView.swift */ = {isa = PBXFileReference; lastKnownFileType = sourcecode.swift; path = RatingView.swift; sourceTree = "<group>"; };
		9330A6F029E3CC7100366B2F /* PizzaPlaza.app */ = {isa = PBXFileReference; explicitFileType = wrapper.application; includeInIndex = 0; path = PizzaPlaza.app; sourceTree = BUILT_PRODUCTS_DIR; };
		9330A6F329E3CC7100366B2F /* PizzaPlazaApp.swift */ = {isa = PBXFileReference; lastKnownFileType = sourcecode.swift; path = PizzaPlazaApp.swift; sourceTree = "<group>"; };
		9330A6F529E3CC7100366B2F /* ContentView.swift */ = {isa = PBXFileReference; lastKnownFileType = sourcecode.swift; path = ContentView.swift; sourceTree = "<group>"; };
		9330A6F729E3CC7200366B2F /* Assets.xcassets */ = {isa = PBXFileReference; lastKnownFileType = folder.assetcatalog; path = Assets.xcassets; sourceTree = "<group>"; };
		9330A6FA29E3CC7200366B2F /* Preview Assets.xcassets */ = {isa = PBXFileReference; lastKnownFileType = folder.assetcatalog; path = "Preview Assets.xcassets"; sourceTree = "<group>"; };
		937C082F29ECF89100E02622 /* StatusBarView.swift */ = {isa = PBXFileReference; lastKnownFileType = sourcecode.swift; path = StatusBarView.swift; sourceTree = "<group>"; };
		93D6E17C29FE98840030C48B /* FavoriteTileView.swift */ = {isa = PBXFileReference; lastKnownFileType = sourcecode.swift; path = FavoriteTileView.swift; sourceTree = "<group>"; };
		93D6E17E29FE98B10030C48B /* MenuGridView.swift */ = {isa = PBXFileReference; lastKnownFileType = sourcecode.swift; path = MenuGridView.swift; sourceTree = "<group>"; };
		93D6E18029FE98D50030C48B /* MenuItemTileView.swift */ = {isa = PBXFileReference; lastKnownFileType = sourcecode.swift; path = MenuItemTileView.swift; sourceTree = "<group>"; };
		93F6649829EBD1D500FA6BE5 /* OrderModel.swift */ = {isa = PBXFileReference; fileEncoding = 4; lastKnownFileType = sourcecode.swift; path = OrderModel.swift; sourceTree = "<group>"; };
		93F6649929EBD1D500FA6BE5 /* MenuItem.swift */ = {isa = PBXFileReference; fileEncoding = 4; lastKnownFileType = sourcecode.swift; path = MenuItem.swift; sourceTree = "<group>"; };
		93F6649A29EBD1D500FA6BE5 /* OrderItem.swift */ = {isa = PBXFileReference; fileEncoding = 4; lastKnownFileType = sourcecode.swift; path = OrderItem.swift; sourceTree = "<group>"; };
		93F6649B29EBD1D500FA6BE5 /* MenuModel.swift */ = {isa = PBXFileReference; fileEncoding = 4; lastKnownFileType = sourcecode.swift; path = MenuModel.swift; sourceTree = "<group>"; };
		93F664A029EBE9C400FA6BE5 /* Data.json */ = {isa = PBXFileReference; lastKnownFileType = text.json; path = Data.json; sourceTree = "<group>"; };
/* End PBXFileReference section */

/* Begin PBXFrameworksBuildPhase section */
		9330A6ED29E3CC7100366B2F /* Frameworks */ = {
			isa = PBXFrameworksBuildPhase;
			buildActionMask = 2147483647;
			files = (
			);
			runOnlyForDeploymentPostprocessing = 0;
		};
/* End PBXFrameworksBuildPhase section */

/* Begin PBXGroup section */
		9330A6E729E3CC7000366B2F = {
			isa = PBXGroup;
			children = (
				9330A6F229E3CC7100366B2F /* PizzaPlaza */,
				9330A6F129E3CC7100366B2F /* Products */,
			);
			sourceTree = "<group>";
		};
		9330A6F129E3CC7100366B2F /* Products */ = {
			isa = PBXGroup;
			children = (
				9330A6F029E3CC7100366B2F /* PizzaPlaza.app */,
			);
			name = Products;
			sourceTree = "<group>";
		};
		9330A6F229E3CC7100366B2F /* PizzaPlaza */ = {
			isa = PBXGroup;
			children = (
				9330A6F329E3CC7100366B2F /* PizzaPlazaApp.swift */,
				9330A6F529E3CC7100366B2F /* ContentView.swift */,
				932AA2FB29EAD9A000C34F67 /* HeaderView.swift */,
				937C082F29ECF89100E02622 /* StatusBarView.swift */,
				932AA2F129EAD91F00C34F67 /* OrderView.swift */,
				932AA2F929EAD99900C34F67 /* OrderRowView.swift */,
				932AA2F529EAD98500C34F67 /* MenuItemView.swift */,
				932AA2F729EAD98F00C34F67 /* MenuRowView.swift */,
				932AA2F329EAD96D00C34F67 /* MenuView.swift */,
				93D6E17E29FE98B10030C48B /* MenuGridView.swift */,
				93D6E18029FE98D50030C48B /* MenuItemTileView.swift */,
				93D6E17C29FE98840030C48B /* FavoriteTileView.swift */,
				932AA2FD29EADD9700C34F67 /* RatingView.swift */,
				93F6649729EBD1D500FA6BE5 /* Model */,
				9330A6F729E3CC7200366B2F /* Assets.xcassets */,
				9330A6F929E3CC7200366B2F /* Preview Content */,
			);
			path = PizzaPlaza;
			sourceTree = "<group>";
		};
		9330A6F929E3CC7200366B2F /* Preview Content */ = {
			isa = PBXGroup;
			children = (
				9330A6FA29E3CC7200366B2F /* Preview Assets.xcassets */,
			);
			path = "Preview Content";
			sourceTree = "<group>";
		};
		93F6649729EBD1D500FA6BE5 /* Model */ = {
			isa = PBXGroup;
			children = (
				93F6649829EBD1D500FA6BE5 /* OrderModel.swift */,
				93F6649929EBD1D500FA6BE5 /* MenuItem.swift */,
				93F6649A29EBD1D500FA6BE5 /* OrderItem.swift */,
				93F6649B29EBD1D500FA6BE5 /* MenuModel.swift */,
				93F664A029EBE9C400FA6BE5 /* Data.json */,
			);
			path = Model;
			sourceTree = "<group>";
		};
/* End PBXGroup section */

/* Begin PBXNativeTarget section */
		9330A6EF29E3CC7100366B2F /* PizzaPlaza */ = {
			isa = PBXNativeTarget;
			buildConfigurationList = 9330A6FE29E3CC7200366B2F /* Build configuration list for PBXNativeTarget "PizzaPlaza" */;
			buildPhases = (
				9330A6EC29E3CC7100366B2F /* Sources */,
				9330A6ED29E3CC7100366B2F /* Frameworks */,
				9330A6EE29E3CC7100366B2F /* Resources */,
			);
			buildRules = (
			);
			dependencies = (
			);
			name = PizzaPlaza;
			productName = PizzaPlaza;
			productReference = 9330A6F029E3CC7100366B2F /* PizzaPlaza.app */;
			productType = "com.apple.product-type.application";
		};
/* End PBXNativeTarget section */

/* Begin PBXProject section */
		9330A6E829E3CC7000366B2F /* Project object */ = {
			isa = PBXProject;
			attributes = {
				BuildIndependentTargetsInParallel = 1;
				LastSwiftUpdateCheck = 1420;
				LastUpgradeCheck = 1420;
				TargetAttributes = {
					9330A6EF29E3CC7100366B2F = {
						CreatedOnToolsVersion = 14.2;
					};
				};
			};
			buildConfigurationList = 9330A6EB29E3CC7000366B2F /* Build configuration list for PBXProject "PizzaPlaza" */;
			compatibilityVersion = "Xcode 14.0";
			developmentRegion = en;
			hasScannedForEncodings = 0;
			knownRegions = (
				en,
				Base,
			);
			mainGroup = 9330A6E729E3CC7000366B2F;
			productRefGroup = 9330A6F129E3CC7100366B2F /* Products */;
			projectDirPath = "";
			projectRoot = "";
			targets = (
				9330A6EF29E3CC7100366B2F /* PizzaPlaza */,
			);
		};
/* End PBXProject section */

/* Begin PBXResourcesBuildPhase section */
		9330A6EE29E3CC7100366B2F /* Resources */ = {
			isa = PBXResourcesBuildPhase;
			buildActionMask = 2147483647;
			files = (
				9330A6FB29E3CC7200366B2F /* Preview Assets.xcassets in Resources */,
				9330A6F829E3CC7200366B2F /* Assets.xcassets in Resources */,
				93F664A129EBE9C400FA6BE5 /* Data.json in Resources */,
			);
			runOnlyForDeploymentPostprocessing = 0;
		};
/* End PBXResourcesBuildPhase section */

/* Begin PBXSourcesBuildPhase section */
		9330A6EC29E3CC7100366B2F /* Sources */ = {
			isa = PBXSourcesBuildPhase;
			buildActionMask = 2147483647;
			files = (
				932AA2F229EAD91F00C34F67 /* OrderView.swift in Sources */,
				932AA2F429EAD96D00C34F67 /* MenuView.swift in Sources */,
				93F6649C29EBD1D500FA6BE5 /* OrderModel.swift in Sources */,
				93D6E17F29FE98B10030C48B /* MenuGridView.swift in Sources */,
				9330A6F629E3CC7100366B2F /* ContentView.swift in Sources */,
				932AA2FE29EADD9700C34F67 /* RatingView.swift in Sources */,
				93F6649E29EBD1D500FA6BE5 /* OrderItem.swift in Sources */,
				93D6E18129FE98D50030C48B /* MenuItemTileView.swift in Sources */,
				9330A6F429E3CC7100366B2F /* PizzaPlazaApp.swift in Sources */,
				932AA2F829EAD98F00C34F67 /* MenuRowView.swift in Sources */,
				932AA2FA29EAD99900C34F67 /* OrderRowView.swift in Sources */,
				93F6649F29EBD1D500FA6BE5 /* MenuModel.swift in Sources */,
				937C083029ECF89100E02622 /* StatusBarView.swift in Sources */,
				93D6E17D29FE98840030C48B /* FavoriteTileView.swift in Sources */,
				93F6649D29EBD1D500FA6BE5 /* MenuItem.swift in Sources */,
				932AA2F629EAD98500C34F67 /* MenuItemView.swift in Sources */,
				932AA2FC29EAD9A000C34F67 /* HeaderView.swift in Sources */,
			);
			runOnlyForDeploymentPostprocessing = 0;
		};
/* End PBXSourcesBuildPhase section */

/* Begin XCBuildConfiguration section */
		9330A6FC29E3CC7200366B2F /* Debug */ = {
			isa = XCBuildConfiguration;
			buildSettings = {
				ALWAYS_SEARCH_USER_PATHS = NO;
				CLANG_ANALYZER_NONNULL = YES;
				CLANG_ANALYZER_NUMBER_OBJECT_CONVERSION = YES_AGGRESSIVE;
				CLANG_CXX_LANGUAGE_STANDARD = "gnu++20";
				CLANG_ENABLE_MODULES = YES;
				CLANG_ENABLE_OBJC_ARC = YES;
				CLANG_ENABLE_OBJC_WEAK = YES;
				CLANG_WARN_BLOCK_CAPTURE_AUTORELEASING = YES;
				CLANG_WARN_BOOL_CONVERSION = YES;
				CLANG_WARN_COMMA = YES;
				CLANG_WARN_CONSTANT_CONVERSION = YES;
				CLANG_WARN_DEPRECATED_OBJC_IMPLEMENTATIONS = YES;
				CLANG_WARN_DIRECT_OBJC_ISA_USAGE = YES_ERROR;
				CLANG_WARN_DOCUMENTATION_COMMENTS = YES;
				CLANG_WARN_EMPTY_BODY = YES;
				CLANG_WARN_ENUM_CONVERSION = YES;
				CLANG_WARN_INFINITE_RECURSION = YES;
				CLANG_WARN_INT_CONVERSION = YES;
				CLANG_WARN_NON_LITERAL_NULL_CONVERSION = YES;
				CLANG_WARN_OBJC_IMPLICIT_RETAIN_SELF = YES;
				CLANG_WARN_OBJC_LITERAL_CONVERSION = YES;
				CLANG_WARN_OBJC_ROOT_CLASS = YES_ERROR;
				CLANG_WARN_QUOTED_INCLUDE_IN_FRAMEWORK_HEADER = YES;
				CLANG_WARN_RANGE_LOOP_ANALYSIS = YES;
				CLANG_WARN_STRICT_PROTOTYPES = YES;
				CLANG_WARN_SUSPICIOUS_MOVE = YES;
				CLANG_WARN_UNGUARDED_AVAILABILITY = YES_AGGRESSIVE;
				CLANG_WARN_UNREACHABLE_CODE = YES;
				CLANG_WARN__DUPLICATE_METHOD_MATCH = YES;
				COPY_PHASE_STRIP = NO;
				DEBUG_INFORMATION_FORMAT = dwarf;
				ENABLE_STRICT_OBJC_MSGSEND = YES;
				ENABLE_TESTABILITY = YES;
				GCC_C_LANGUAGE_STANDARD = gnu11;
				GCC_DYNAMIC_NO_PIC = NO;
				GCC_NO_COMMON_BLOCKS = YES;
				GCC_OPTIMIZATION_LEVEL = 0;
				GCC_PREPROCESSOR_DEFINITIONS = (
					"DEBUG=1",
					"$(inherited)",
				);
				GCC_WARN_64_TO_32_BIT_CONVERSION = YES;
				GCC_WARN_ABOUT_RETURN_TYPE = YES_ERROR;
				GCC_WARN_UNDECLARED_SELECTOR = YES;
				GCC_WARN_UNINITIALIZED_AUTOS = YES_AGGRESSIVE;
				GCC_WARN_UNUSED_FUNCTION = YES;
				GCC_WARN_UNUSED_VARIABLE = YES;
				IPHONEOS_DEPLOYMENT_TARGET = 16.2;
				MTL_ENABLE_DEBUG_INFO = INCLUDE_SOURCE;
				MTL_FAST_MATH = YES;
				ONLY_ACTIVE_ARCH = YES;
				SDKROOT = iphoneos;
				SWIFT_ACTIVE_COMPILATION_CONDITIONS = DEBUG;
				SWIFT_OPTIMIZATION_LEVEL = "-Onone";
			};
			name = Debug;
		};
		9330A6FD29E3CC7200366B2F /* Release */ = {
			isa = XCBuildConfiguration;
			buildSettings = {
				ALWAYS_SEARCH_USER_PATHS = NO;
				CLANG_ANALYZER_NONNULL = YES;
				CLANG_ANALYZER_NUMBER_OBJECT_CONVERSION = YES_AGGRESSIVE;
				CLANG_CXX_LANGUAGE_STANDARD = "gnu++20";
				CLANG_ENABLE_MODULES = YES;
				CLANG_ENABLE_OBJC_ARC = YES;
				CLANG_ENABLE_OBJC_WEAK = YES;
				CLANG_WARN_BLOCK_CAPTURE_AUTORELEASING = YES;
				CLANG_WARN_BOOL_CONVERSION = YES;
				CLANG_WARN_COMMA = YES;
				CLANG_WARN_CONSTANT_CONVERSION = YES;
				CLANG_WARN_DEPRECATED_OBJC_IMPLEMENTATIONS = YES;
				CLANG_WARN_DIRECT_OBJC_ISA_USAGE = YES_ERROR;
				CLANG_WARN_DOCUMENTATION_COMMENTS = YES;
				CLANG_WARN_EMPTY_BODY = YES;
				CLANG_WARN_ENUM_CONVERSION = YES;
				CLANG_WARN_INFINITE_RECURSION = YES;
				CLANG_WARN_INT_CONVERSION = YES;
				CLANG_WARN_NON_LITERAL_NULL_CONVERSION = YES;
				CLANG_WARN_OBJC_IMPLICIT_RETAIN_SELF = YES;
				CLANG_WARN_OBJC_LITERAL_CONVERSION = YES;
				CLANG_WARN_OBJC_ROOT_CLASS = YES_ERROR;
				CLANG_WARN_QUOTED_INCLUDE_IN_FRAMEWORK_HEADER = YES;
				CLANG_WARN_RANGE_LOOP_ANALYSIS = YES;
				CLANG_WARN_STRICT_PROTOTYPES = YES;
				CLANG_WARN_SUSPICIOUS_MOVE = YES;
				CLANG_WARN_UNGUARDED_AVAILABILITY = YES_AGGRESSIVE;
				CLANG_WARN_UNREACHABLE_CODE = YES;
				CLANG_WARN__DUPLICATE_METHOD_MATCH = YES;
				COPY_PHASE_STRIP = NO;
				DEBUG_INFORMATION_FORMAT = "dwarf-with-dsym";
				ENABLE_NS_ASSERTIONS = NO;
				ENABLE_STRICT_OBJC_MSGSEND = YES;
				GCC_C_LANGUAGE_STANDARD = gnu11;
				GCC_NO_COMMON_BLOCKS = YES;
				GCC_WARN_64_TO_32_BIT_CONVERSION = YES;
				GCC_WARN_ABOUT_RETURN_TYPE = YES_ERROR;
				GCC_WARN_UNDECLARED_SELECTOR = YES;
				GCC_WARN_UNINITIALIZED_AUTOS = YES_AGGRESSIVE;
				GCC_WARN_UNUSED_FUNCTION = YES;
				GCC_WARN_UNUSED_VARIABLE = YES;
				IPHONEOS_DEPLOYMENT_TARGET = 16.2;
				MTL_ENABLE_DEBUG_INFO = NO;
				MTL_FAST_MATH = YES;
				SDKROOT = iphoneos;
				SWIFT_COMPILATION_MODE = wholemodule;
				SWIFT_OPTIMIZATION_LEVEL = "-O";
				VALIDATE_PRODUCT = YES;
			};
			name = Release;
		};
		9330A6FF29E3CC7200366B2F /* Debug */ = {
			isa = XCBuildConfiguration;
			buildSettings = {
				ASSETCATALOG_COMPILER_APPICON_NAME = AppIcon;
				ASSETCATALOG_COMPILER_GLOBAL_ACCENT_COLOR_NAME = AccentColor;
				CODE_SIGN_STYLE = Automatic;
				CURRENT_PROJECT_VERSION = 1;
				DEVELOPMENT_ASSET_PATHS = "\"PizzaPlaza/Preview Content\"";
				ENABLE_PREVIEWS = YES;
				GENERATE_INFOPLIST_FILE = YES;
				INFOPLIST_KEY_UIApplicationSceneManifest_Generation = YES;
				INFOPLIST_KEY_UIApplicationSupportsIndirectInputEvents = YES;
				INFOPLIST_KEY_UILaunchScreen_Generation = YES;
				INFOPLIST_KEY_UISupportedInterfaceOrientations_iPad = "UIInterfaceOrientationPortrait UIInterfaceOrientationPortraitUpsideDown UIInterfaceOrientationLandscapeLeft UIInterfaceOrientationLandscapeRight";
				INFOPLIST_KEY_UISupportedInterfaceOrientations_iPhone = "UIInterfaceOrientationPortrait UIInterfaceOrientationLandscapeLeft UIInterfaceOrientationLandscapeRight";
				LD_RUNPATH_SEARCH_PATHS = (
					"$(inherited)",
					"@executable_path/Frameworks",
				);
				MARKETING_VERSION = 1.0;
				PRODUCT_BUNDLE_IDENTIFIER = com.example.PizzaPlaza;
				PRODUCT_NAME = "$(TARGET_NAME)";
				SWIFT_EMIT_LOC_STRINGS = YES;
				SWIFT_VERSION = 5.0;
				TARGETED_DEVICE_FAMILY = "1,2";
			};
			name = Debug;
		};
		9330A70029E3CC7200366B2F /* Release */ = {
			isa = XCBuildConfiguration;
			buildSettings = {
				ASSETCATALOG_COMPILER_APPICON_NAME = AppIcon;
				ASSETCATALOG_COMPILER_GLOBAL_ACCENT_COLOR_NAME = AccentColor;
				CODE_SIGN_STYLE = Automatic;
				CURRENT_PROJECT_VERSION = 1;
				DEVELOPMENT_ASSET_PATHS = "\"PizzaPlaza/Preview Content\"";
				ENABLE_PREVIEWS = YES;
				GENERATE_INFOPLIST_FILE = YES;
				INFOPLIST_KEY_UIApplicationSceneManifest_Generation = YES;
				INFOPLIST_KEY_UIApplicationSupportsIndirectInputEvents = YES;
				INFOPLIST_KEY_UILaunchScreen_Generation = YES;
				INFOPLIST_KEY_UISupportedInterfaceOrientations_iPad = "UIInterfaceOrientationPortrait UIInterfaceOrientationPortraitUpsideDown UIInterfaceOrientationLandscapeLeft UIInterfaceOrientationLandscapeRight";
				INFOPLIST_KEY_UISupportedInterfaceOrientations_iPhone = "UIInterfaceOrientationPortrait UIInterfaceOrientationLandscapeLeft UIInterfaceOrientationLandscapeRight";
				LD_RUNPATH_SEARCH_PATHS = (
					"$(inherited)",
					"@executable_path/Frameworks",
				);
				MARKETING_VERSION = 1.0;
				PRODUCT_BUNDLE_IDENTIFIER = com.example.PizzaPlaza;
				PRODUCT_NAME = "$(TARGET_NAME)";
				SWIFT_EMIT_LOC_STRINGS = YES;
				SWIFT_VERSION = 5.0;
				TARGETED_DEVICE_FAMILY = "1,2";
			};
			name = Release;
		};
/* End XCBuildConfiguration section */

/* Begin XCConfigurationList section */
		9330A6EB29E3CC7000366B2F /* Build configuration list for PBXProject "PizzaPlaza" */ = {
			isa = XCConfigurationList;
			buildConfigurations = (
				9330A6FC29E3CC7200366B2F /* Debug */,
				9330A6FD29E3CC7200366B2F /* Release */,
			);
			defaultConfigurationIsVisible = 0;
			defaultConfigurationName = Release;
		};
		9330A6FE29E3CC7200366B2F /* Build configuration list for PBXNativeTarget "PizzaPlaza" */ = {
			isa = XCConfigurationList;
			buildConfigurations = (
				9330A6FF29E3CC7200366B2F /* Debug */,
				9330A70029E3CC7200366B2F /* Release */,
			);
			defaultConfigurationIsVisible = 0;
			defaultConfigurationName = Release;
		};
/* End XCConfigurationList section */
	};
	rootObject = 9330A6E829E3CC7000366B2F /* Project object */;
}
